
Microsoft Visual Studio Solution File, Format Version 11.00
# Visual Studio 2010
Project("{FAE04EC0-301F-11D3-BF4B-00C04F79EFBC}") = "MvcDemo", "MvcDemo\MvcDemo.csproj", "{BE905A6F-589F-40A0-9C5A-89C120639C01}"
EndProject
Project("{FAE04EC0-301F-11D3-BF4B-00C04F79EFBC}") = "IBLL", "IBLL\IBLL.csproj", "{EB0F9FD6-01D4-45AC-AAAC-3186C64C03F4}"
EndProject
Project("{FAE04EC0-301F-11D3-BF4B-00C04F79EFBC}") = "BLL", "BLL\BLL.csproj", "{2C8CCA1D-8857-49B7-90C5-0DDAE0A25A53}"
EndProject
Project("{FAE04EC0-301F-11D3-BF4B-00C04F79EFBC}") = "IEFDao", "IEFDao\IEFDao.csproj", "{B3491061-8716-4156-81F0-2292BC1F2957}"
EndProject
Project("{FAE04EC0-301F-11D3-BF4B-00C04F79EFBC}") = "EFDao", "EFDao\EFDao.csproj", "{E777A31E-C012-4E8E-9524-D108848B38C0}"
EndProject
Project("{2150E333-8FDC-42A3-9474-1A3956D46DE8}") = "BusinessLogicLayer", "BusinessLogicLayer", "{5E5163BD-BC0F-48A3-A590-856BA8C6B53E}"
EndProject
Project("{2150E333-8FDC-42A3-9474-1A3956D46DE8}") = "DataAccessLayer", "DataAccessLayer", "{F068F2EC-AE44-404F-9040-9CE60EA6037C}"
EndProject
Project("{2150E333-8FDC-42A3-9474-1A3956D46DE8}") = "Domain", "Domain", "{6EE7A32C-FF9D-4404-8D4C-3640D6A770B0}"
EndProject
Project("{FAE04EC0-301F-11D3-BF4B-00C04F79EFBC}") = "Entity", "Entity\Entity.csproj", "{AFFBE477-11DF-4E27-B2AB-212D86A41188}"
EndProject
Project("{2150E333-8FDC-42A3-9474-1A3956D46DE8}") = "Common", "Common", "{1C446751-EA3D-45B1-8672-A5DDC249F35B}"
EndProject
Project("{FAE04EC0-301F-11D3-BF4B-00C04F79EFBC}") = "Common", "Common\Common.csproj", "{0C7FBF8F-DA30-49A7-8FBF-855C0487673A}"
EndProject
Global
	GlobalSection(SolutionConfigurationPlatforms) = preSolution
		Debug|Any CPU = Debug|Any CPU
		Release|Any CPU = Release|Any CPU
	EndGlobalSection
	GlobalSection(ProjectConfigurationPlatforms) = postSolution
		{BE905A6F-589F-40A0-9C5A-89C120639C01}.Debug|Any CPU.ActiveCfg = Debug|Any CPU
		{BE905A6F-589F-40A0-9C5A-89C120639C01}.Debug|Any CPU.Build.0 = Debug|Any CPU
		{BE905A6F-589F-40A0-9C5A-89C120639C01}.Release|Any CPU.ActiveCfg = Release|Any CPU
		{BE905A6F-589F-40A0-9C5A-89C120639C01}.Release|Any CPU.Build.0 = Release|Any CPU
		{EB0F9FD6-01D4-45AC-AAAC-3186C64C03F4}.Debug|Any CPU.ActiveCfg = Debug|Any CPU
		{EB0F9FD6-01D4-45AC-AAAC-3186C64C03F4}.Debug|Any CPU.Build.0 = Debug|Any CPU
		{EB0F9FD6-01D4-45AC-AAAC-3186C64C03F4}.Release|Any CPU.ActiveCfg = Release|Any CPU
		{EB0F9FD6-01D4-45AC-AAAC-3186C64C03F4}.Release|Any CPU.Build.0 = Release|Any CPU
		{2C8CCA1D-8857-49B7-90C5-0DDAE0A25A53}.Debug|Any CPU.ActiveCfg = Debug|Any CPU
		{2C8CCA1D-8857-49B7-90C5-0DDAE0A25A53}.Debug|Any CPU.Build.0 = Debug|Any CPU
		{2C8CCA1D-8857-49B7-90C5-0DDAE0A25A53}.Release|Any CPU.ActiveCfg = Release|Any CPU
		{2C8CCA1D-8857-49B7-90C5-0DDAE0A25A53}.Release|Any CPU.Build.0 = Release|Any CPU
		{B3491061-8716-4156-81F0-2292BC1F2957}.Debug|Any CPU.ActiveCfg = Debug|Any CPU
		{B3491061-8716-4156-81F0-2292BC1F2957}.Debug|Any CPU.Build.0 = Debug|Any CPU
		{B3491061-8716-4156-81F0-2292BC1F2957}.Release|Any CPU.ActiveCfg = Release|Any CPU
		{B3491061-8716-4156-81F0-2292BC1F2957}.Release|Any CPU.Build.0 = Release|Any CPU
		{E777A31E-C012-4E8E-9524-D108848B38C0}.Debug|Any CPU.ActiveCfg = Debug|Any CPU
		{E777A31E-C012-4E8E-9524-D108848B38C0}.Debug|Any CPU.Build.0 = Debug|Any CPU
		{E777A31E-C012-4E8E-9524-D108848B38C0}.Release|Any CPU.ActiveCfg = Release|Any CPU
		{E777A31E-C012-4E8E-9524-D108848B38C0}.Release|Any CPU.Build.0 = Release|Any CPU
		{AFFBE477-11DF-4E27-B2AB-212D86A41188}.Debug|Any CPU.ActiveCfg = Debug|Any CPU
		{AFFBE477-11DF-4E27-B2AB-212D86A41188}.Debug|Any CPU.Build.0 = Debug|Any CPU
		{AFFBE477-11DF-4E27-B2AB-212D86A41188}.Release|Any CPU.ActiveCfg = Release|Any CPU
		{AFFBE477-11DF-4E27-B2AB-212D86A41188}.Release|Any CPU.Build.0 = Release|Any CPU
		{0C7FBF8F-DA30-49A7-8FBF-855C0487673A}.Debug|Any CPU.ActiveCfg = Debug|Any CPU
		{0C7FBF8F-DA30-49A7-8FBF-855C0487673A}.Debug|Any CPU.Build.0 = Debug|Any CPU
		{0C7FBF8F-DA30-49A7-8FBF-855C0487673A}.Release|Any CPU.ActiveCfg = Release|Any CPU
		{0C7FBF8F-DA30-49A7-8FBF-855C0487673A}.Release|Any CPU.Build.0 = Release|Any CPU
	EndGlobalSection
	GlobalSection(SolutionProperties) = preSolution
		HideSolutionNode = FALSE
	EndGlobalSection
	GlobalSection(NestedProjects) = preSolution
		{2C8CCA1D-8857-49B7-90C5-0DDAE0A25A53} = {5E5163BD-BC0F-48A3-A590-856BA8C6B53E}
		{EB0F9FD6-01D4-45AC-AAAC-3186C64C03F4} = {5E5163BD-BC0F-48A3-A590-856BA8C6B53E}
		{E777A31E-C012-4E8E-9524-D108848B38C0} = {F068F2EC-AE44-404F-9040-9CE60EA6037C}
		{B3491061-8716-4156-81F0-2292BC1F2957} = {F068F2EC-AE44-404F-9040-9CE60EA6037C}
		{AFFBE477-11DF-4E27-B2AB-212D86A41188} = {6EE7A32C-FF9D-4404-8D4C-3640D6A770B0}
		{0C7FBF8F-DA30-49A7-8FBF-855C0487673A} = {1C446751-EA3D-45B1-8672-A5DDC249F35B}
	EndGlobalSection
EndGlobal
